
Microsoft Visual Studio Solution File, Format Version 12.00
# Visual Studio Version 16
VisualStudioVersion = 16.0.30114.105
MinimumVisualStudioVersion = 10.0.40219.1
Project("{FAE04EC0-301F-11D3-BF4B-00C04F79EFBC}") = "OrbisTennisSimulator.Application", "Orbis\OrbisTennisSimulator.Application.csproj", "{C8DE64E0-9E4D-483D-95C6-12051A141FD1}"
EndProject
Project("{FAE04EC0-301F-11D3-BF4B-00C04F79EFBC}") = "OrbisTennisSimulator.BLL", "Orbis.BLL\OrbisTennisSimulator.BLL.csproj", "{4D13A862-8408-4DDE-A23C-15FCEDE00CC7}"
EndProject
Project("{FAE04EC0-301F-11D3-BF4B-00C04F79EFBC}") = "OrbisTennisSimulator.BLL.UnitTests", "Orbis.BLL.UnitTests\OrbisTennisSimulator.BLL.UnitTests.csproj", "{9D78506F-FBF3-465D-8341-25474EA13751}"
EndProject
Global
	GlobalSection(SolutionConfigurationPlatforms) = preSolution
		Debug|Any CPU = Debug|Any CPU
		Release|Any CPU = Release|Any CPU
	EndGlobalSection
	GlobalSection(ProjectConfigurationPlatforms) = postSolution
		{C8DE64E0-9E4D-483D-95C6-12051A141FD1}.Debug|Any CPU.ActiveCfg = Debug|Any CPU
		{C8DE64E0-9E4D-483D-95C6-12051A141FD1}.Debug|Any CPU.Build.0 = Debug|Any CPU
		{C8DE64E0-9E4D-483D-95C6-12051A141FD1}.Release|Any CPU.ActiveCfg = Release|Any CPU
		{C8DE64E0-9E4D-483D-95C6-12051A141FD1}.Release|Any CPU.Build.0 = Release|Any CPU
		{4D13A862-8408-4DDE-A23C-15FCEDE00CC7}.Debug|Any CPU.ActiveCfg = Debug|Any CPU
		{4D13A862-8408-4DDE-A23C-15FCEDE00CC7}.Debug|Any CPU.Build.0 = Debug|Any CPU
		{4D13A862-8408-4DDE-A23C-15FCEDE00CC7}.Release|Any CPU.ActiveCfg = Release|Any CPU
		{4D13A862-8408-4DDE-A23C-15FCEDE00CC7}.Release|Any CPU.Build.0 = Release|Any CPU
		{9D78506F-FBF3-465D-8341-25474EA13751}.Debug|Any CPU.ActiveCfg = Debug|Any CPU
		{9D78506F-FBF3-465D-8341-25474EA13751}.Debug|Any CPU.Build.0 = Debug|Any CPU
		{9D78506F-FBF3-465D-8341-25474EA13751}.Release|Any CPU.ActiveCfg = Release|Any CPU
		{9D78506F-FBF3-465D-8341-25474EA13751}.Release|Any CPU.Build.0 = Release|Any CPU
	EndGlobalSection
	GlobalSection(SolutionProperties) = preSolution
		HideSolutionNode = FALSE
	EndGlobalSection
	GlobalSection(ExtensibilityGlobals) = postSolution
		SolutionGuid = {AB060BE2-00CB-47F1-828B-DED5DF278F6F}
	EndGlobalSection
EndGlobal
